
Microsoft Visual Studio Solution File, Format Version 12.00
# Visual Studio 15
VisualStudioVersion = 15.0.27703.2000
MinimumVisualStudioVersion = 10.0.40219.1
Project("{8BC9CEB8-8B4A-11D0-8D11-00A0C91BC942}") = "DryabkovLab6cpp", "DryabkovLab6cpp\DryabkovLab6cpp.vcxproj", "{35360F25-88CC-4FC2-9705-AE0BADBD5026}"
EndProject
Global
	GlobalSection(SolutionConfigurationPlatforms) = preSolution
		Debug|x64 = Debug|x64
		Debug|x86 = Debug|x86
		Release|x64 = Release|x64
		Release|x86 = Release|x86
	EndGlobalSection
	GlobalSection(ProjectConfigurationPlatforms) = postSolution
		{35360F25-88CC-4FC2-9705-AE0BADBD5026}.Debug|x64.ActiveCfg = Debug|x64
		{35360F25-88CC-4FC2-9705-AE0BADBD5026}.Debug|x64.Build.0 = Debug|x64
		{35360F25-88CC-4FC2-9705-AE0BADBD5026}.Debug|x86.ActiveCfg = Debug|Win32
		{35360F25-88CC-4FC2-9705-AE0BADBD5026}.Debug|x86.Build.0 = Debug|Win32
		{35360F25-88CC-4FC2-9705-AE0BADBD5026}.Release|x64.ActiveCfg = Release|x64
		{35360F25-88CC-4FC2-9705-AE0BADBD5026}.Release|x64.Build.0 = Release|x64
		{35360F25-88CC-4FC2-9705-AE0BADBD5026}.Release|x86.ActiveCfg = Release|Win32
		{35360F25-88CC-4FC2-9705-AE0BADBD5026}.Release|x86.Build.0 = Release|Win32
	EndGlobalSection
	GlobalSection(SolutionProperties) = preSolution
		HideSolutionNode = FALSE
	EndGlobalSection
	GlobalSection(ExtensibilityGlobals) = postSolution
		SolutionGuid = {6B5B9B2B-4FAD-4D55-B81F-557045093856}
	EndGlobalSection
EndGlobal
