
Microsoft Visual Studio Solution File, Format Version 12.00
# Visual Studio 15
VisualStudioVersion = 15.0.27703.2000
MinimumVisualStudioVersion = 10.0.40219.1
Project("{FAE04EC0-301F-11D3-BF4B-00C04F79EFBC}") = "ClassLibrary9", "ClassLibrary9\ClassLibrary9.csproj", "{D5D20BC8-A66B-483C-B12C-612D62306B7E}"
EndProject
Global
	GlobalSection(SolutionConfigurationPlatforms) = preSolution
		Debug|Any CPU = Debug|Any CPU
		Release|Any CPU = Release|Any CPU
	EndGlobalSection
	GlobalSection(ProjectConfigurationPlatforms) = postSolution
		{D5D20BC8-A66B-483C-B12C-612D62306B7E}.Debug|Any CPU.ActiveCfg = Debug|Any CPU
		{D5D20BC8-A66B-483C-B12C-612D62306B7E}.Debug|Any CPU.Build.0 = Debug|Any CPU
		{D5D20BC8-A66B-483C-B12C-612D62306B7E}.Release|Any CPU.ActiveCfg = Release|Any CPU
		{D5D20BC8-A66B-483C-B12C-612D62306B7E}.Release|Any CPU.Build.0 = Release|Any CPU
	EndGlobalSection
	GlobalSection(SolutionProperties) = preSolution
		HideSolutionNode = FALSE
	EndGlobalSection
	GlobalSection(ExtensibilityGlobals) = postSolution
		SolutionGuid = {F02B2556-1893-4757-B40F-A40C026BC982}
	EndGlobalSection
EndGlobal
