
Microsoft Visual Studio Solution File, Format Version 12.00
# Visual Studio 15
VisualStudioVersion = 15.0.27703.2000
MinimumVisualStudioVersion = 10.0.40219.1
Project("{FAE04EC0-301F-11D3-BF4B-00C04F79EFBC}") = "PL_DryabkovLab1", "PL_DryabkovLab1\PL_DryabkovLab1.csproj", "{81EFAC49-36DD-42CE-B01A-6E0E8B077EE7}"
EndProject
Global
	GlobalSection(SolutionConfigurationPlatforms) = preSolution
		Debug|Any CPU = Debug|Any CPU
		Release|Any CPU = Release|Any CPU
	EndGlobalSection
	GlobalSection(ProjectConfigurationPlatforms) = postSolution
		{81EFAC49-36DD-42CE-B01A-6E0E8B077EE7}.Debug|Any CPU.ActiveCfg = Debug|Any CPU
		{81EFAC49-36DD-42CE-B01A-6E0E8B077EE7}.Debug|Any CPU.Build.0 = Debug|Any CPU
		{81EFAC49-36DD-42CE-B01A-6E0E8B077EE7}.Release|Any CPU.ActiveCfg = Release|Any CPU
		{81EFAC49-36DD-42CE-B01A-6E0E8B077EE7}.Release|Any CPU.Build.0 = Release|Any CPU
	EndGlobalSection
	GlobalSection(SolutionProperties) = preSolution
		HideSolutionNode = FALSE
	EndGlobalSection
	GlobalSection(ExtensibilityGlobals) = postSolution
		SolutionGuid = {E70F16AE-D8CC-4085-90FA-36EBEFD56BF8}
	EndGlobalSection
EndGlobal
