
Microsoft Visual Studio Solution File, Format Version 12.00
# Visual Studio 14
VisualStudioVersion = 14.0.25420.1
MinimumVisualStudioVersion = 10.0.40219.1
Project("{FAE04EC0-301F-11D3-BF4B-00C04F79EFBC}") = "PL_Dryabkov", "9P_Project\PL_Dryabkov.csproj", "{12B96921-E090-4CCE-8118-7497E32B444F}"
EndProject
Global
	GlobalSection(SolutionConfigurationPlatforms) = preSolution
		Debug|Any CPU = Debug|Any CPU
		Release|Any CPU = Release|Any CPU
	EndGlobalSection
	GlobalSection(ProjectConfigurationPlatforms) = postSolution
		{12B96921-E090-4CCE-8118-7497E32B444F}.Debug|Any CPU.ActiveCfg = Debug|Any CPU
		{12B96921-E090-4CCE-8118-7497E32B444F}.Debug|Any CPU.Build.0 = Debug|Any CPU
		{12B96921-E090-4CCE-8118-7497E32B444F}.Release|Any CPU.ActiveCfg = Release|Any CPU
		{12B96921-E090-4CCE-8118-7497E32B444F}.Release|Any CPU.Build.0 = Release|Any CPU
	EndGlobalSection
	GlobalSection(SolutionProperties) = preSolution
		HideSolutionNode = FALSE
	EndGlobalSection
EndGlobal
